
Microsoft Visual Studio Solution File, Format Version 12.00
# Visual Studio Version 16
VisualStudioVersion = 16.0.29806.167
MinimumVisualStudioVersion = 10.0.40219.1
Project("{FAE04EC0-301F-11D3-BF4B-00C04F79EFBC}") = "AppOpenWeather.UWP", "src\AppOpenWeather\AppOpenWeather.UWP\AppOpenWeather.UWP.csproj", "{5B0A3B06-CE2F-4640-A7F3-A9AF398950A1}"
EndProject
Project("{FAE04EC0-301F-11D3-BF4B-00C04F79EFBC}") = "AppOpenWeather.Android", "src\AppOpenWeather\AppOpenWeather.Android\AppOpenWeather.Android.csproj", "{81F78D00-1ADA-45C9-8F70-0A6D6C6E1E64}"
EndProject
Project("{FAE04EC0-301F-11D3-BF4B-00C04F79EFBC}") = "AppOpenWeather.iOS", "src\AppOpenWeather\AppOpenWeather.iOS\AppOpenWeather.iOS.csproj", "{E9B3A87F-0969-476C-A6A1-7D26D45BFC39}"
EndProject
Project("{FAE04EC0-301F-11D3-BF4B-00C04F79EFBC}") = "AppOpenWeather", "src\AppOpenWeather\AppOpenWeather\AppOpenWeather.csproj", "{2FCB02A1-6DAA-4CF9-BCA2-A75817FAC1FC}"
EndProject
Global
	GlobalSection(SolutionConfigurationPlatforms) = preSolution
		Debug|Any CPU = Debug|Any CPU
		Debug|ARM = Debug|ARM
		Debug|iPhone = Debug|iPhone
		Debug|iPhoneSimulator = Debug|iPhoneSimulator
		Debug|x64 = Debug|x64
		Debug|x86 = Debug|x86
		Release|Any CPU = Release|Any CPU
		Release|ARM = Release|ARM
		Release|iPhone = Release|iPhone
		Release|iPhoneSimulator = Release|iPhoneSimulator
		Release|x64 = Release|x64
		Release|x86 = Release|x86
	EndGlobalSection
	GlobalSection(ProjectConfigurationPlatforms) = postSolution
		{5B0A3B06-CE2F-4640-A7F3-A9AF398950A1}.Debug|Any CPU.ActiveCfg = Debug|x86
		{5B0A3B06-CE2F-4640-A7F3-A9AF398950A1}.Debug|ARM.ActiveCfg = Debug|ARM
		{5B0A3B06-CE2F-4640-A7F3-A9AF398950A1}.Debug|ARM.Build.0 = Debug|ARM
		{5B0A3B06-CE2F-4640-A7F3-A9AF398950A1}.Debug|ARM.Deploy.0 = Debug|ARM
		{5B0A3B06-CE2F-4640-A7F3-A9AF398950A1}.Debug|iPhone.ActiveCfg = Debug|x86
		{5B0A3B06-CE2F-4640-A7F3-A9AF398950A1}.Debug|iPhoneSimulator.ActiveCfg = Debug|x86
		{5B0A3B06-CE2F-4640-A7F3-A9AF398950A1}.Debug|x64.ActiveCfg = Debug|x64
		{5B0A3B06-CE2F-4640-A7F3-A9AF398950A1}.Debug|x64.Build.0 = Debug|x64
		{5B0A3B06-CE2F-4640-A7F3-A9AF398950A1}.Debug|x64.Deploy.0 = Debug|x64
		{5B0A3B06-CE2F-4640-A7F3-A9AF398950A1}.Debug|x86.ActiveCfg = Debug|x86
		{5B0A3B06-CE2F-4640-A7F3-A9AF398950A1}.Debug|x86.Build.0 = Debug|x86
		{5B0A3B06-CE2F-4640-A7F3-A9AF398950A1}.Debug|x86.Deploy.0 = Debug|x86
		{5B0A3B06-CE2F-4640-A7F3-A9AF398950A1}.Release|Any CPU.ActiveCfg = Release|x86
		{5B0A3B06-CE2F-4640-A7F3-A9AF398950A1}.Release|ARM.ActiveCfg = Release|ARM
		{5B0A3B06-CE2F-4640-A7F3-A9AF398950A1}.Release|ARM.Build.0 = Release|ARM
		{5B0A3B06-CE2F-4640-A7F3-A9AF398950A1}.Release|ARM.Deploy.0 = Release|ARM
		{5B0A3B06-CE2F-4640-A7F3-A9AF398950A1}.Release|iPhone.ActiveCfg = Release|x86
		{5B0A3B06-CE2F-4640-A7F3-A9AF398950A1}.Release|iPhoneSimulator.ActiveCfg = Release|x86
		{5B0A3B06-CE2F-4640-A7F3-A9AF398950A1}.Release|x64.ActiveCfg = Release|x64
		{5B0A3B06-CE2F-4640-A7F3-A9AF398950A1}.Release|x64.Build.0 = Release|x64
		{5B0A3B06-CE2F-4640-A7F3-A9AF398950A1}.Release|x64.Deploy.0 = Release|x64
		{5B0A3B06-CE2F-4640-A7F3-A9AF398950A1}.Release|x86.ActiveCfg = Release|x86
		{5B0A3B06-CE2F-4640-A7F3-A9AF398950A1}.Release|x86.Build.0 = Release|x86
		{5B0A3B06-CE2F-4640-A7F3-A9AF398950A1}.Release|x86.Deploy.0 = Release|x86
		{81F78D00-1ADA-45C9-8F70-0A6D6C6E1E64}.Debug|Any CPU.ActiveCfg = Debug|Any CPU
		{81F78D00-1ADA-45C9-8F70-0A6D6C6E1E64}.Debug|Any CPU.Build.0 = Debug|Any CPU
		{81F78D00-1ADA-45C9-8F70-0A6D6C6E1E64}.Debug|Any CPU.Deploy.0 = Debug|Any CPU
		{81F78D00-1ADA-45C9-8F70-0A6D6C6E1E64}.Debug|ARM.ActiveCfg = Debug|Any CPU
		{81F78D00-1ADA-45C9-8F70-0A6D6C6E1E64}.Debug|ARM.Build.0 = Debug|Any CPU
		{81F78D00-1ADA-45C9-8F70-0A6D6C6E1E64}.Debug|ARM.Deploy.0 = Debug|Any CPU
		{81F78D00-1ADA-45C9-8F70-0A6D6C6E1E64}.Debug|iPhone.ActiveCfg = Debug|Any CPU
		{81F78D00-1ADA-45C9-8F70-0A6D6C6E1E64}.Debug|iPhone.Build.0 = Debug|Any CPU
		{81F78D00-1ADA-45C9-8F70-0A6D6C6E1E64}.Debug|iPhone.Deploy.0 = Debug|Any CPU
		{81F78D00-1ADA-45C9-8F70-0A6D6C6E1E64}.Debug|iPhoneSimulator.ActiveCfg = Debug|Any CPU
		{81F78D00-1ADA-45C9-8F70-0A6D6C6E1E64}.Debug|iPhoneSimulator.Build.0 = Debug|Any CPU
		{81F78D00-1ADA-45C9-8F70-0A6D6C6E1E64}.Debug|iPhoneSimulator.Deploy.0 = Debug|Any CPU
		{81F78D00-1ADA-45C9-8F70-0A6D6C6E1E64}.Debug|x64.ActiveCfg = Debug|Any CPU
		{81F78D00-1ADA-45C9-8F70-0A6D6C6E1E64}.Debug|x64.Build.0 = Debug|Any CPU
		{81F78D00-1ADA-45C9-8F70-0A6D6C6E1E64}.Debug|x64.Deploy.0 = Debug|Any CPU
		{81F78D00-1ADA-45C9-8F70-0A6D6C6E1E64}.Debug|x86.ActiveCfg = Debug|Any CPU
		{81F78D00-1ADA-45C9-8F70-0A6D6C6E1E64}.Debug|x86.Build.0 = Debug|Any CPU
		{81F78D00-1ADA-45C9-8F70-0A6D6C6E1E64}.Debug|x86.Deploy.0 = Debug|Any CPU
		{81F78D00-1ADA-45C9-8F70-0A6D6C6E1E64}.Release|Any CPU.ActiveCfg = Release|Any CPU
		{81F78D00-1ADA-45C9-8F70-0A6D6C6E1E64}.Release|Any CPU.Build.0 = Release|Any CPU
		{81F78D00-1ADA-45C9-8F70-0A6D6C6E1E64}.Release|Any CPU.Deploy.0 = Release|Any CPU
		{81F78D00-1ADA-45C9-8F70-0A6D6C6E1E64}.Release|ARM.ActiveCfg = Release|Any CPU
		{81F78D00-1ADA-45C9-8F70-0A6D6C6E1E64}.Release|ARM.Build.0 = Release|Any CPU
		{81F78D00-1ADA-45C9-8F70-0A6D6C6E1E64}.Release|ARM.Deploy.0 = Release|Any CPU
		{81F78D00-1ADA-45C9-8F70-0A6D6C6E1E64}.Release|iPhone.ActiveCfg = Release|Any CPU
		{81F78D00-1ADA-45C9-8F70-0A6D6C6E1E64}.Release|iPhone.Build.0 = Release|Any CPU
		{81F78D00-1ADA-45C9-8F70-0A6D6C6E1E64}.Release|iPhone.Deploy.0 = Release|Any CPU
		{81F78D00-1ADA-45C9-8F70-0A6D6C6E1E64}.Release|iPhoneSimulator.ActiveCfg = Release|Any CPU
		{81F78D00-1ADA-45C9-8F70-0A6D6C6E1E64}.Release|iPhoneSimulator.Build.0 = Release|Any CPU
		{81F78D00-1ADA-45C9-8F70-0A6D6C6E1E64}.Release|iPhoneSimulator.Deploy.0 = Release|Any CPU
		{81F78D00-1ADA-45C9-8F70-0A6D6C6E1E64}.Release|x64.ActiveCfg = Release|Any CPU
		{81F78D00-1ADA-45C9-8F70-0A6D6C6E1E64}.Release|x64.Build.0 = Release|Any CPU
		{81F78D00-1ADA-45C9-8F70-0A6D6C6E1E64}.Release|x64.Deploy.0 = Release|Any CPU
		{81F78D00-1ADA-45C9-8F70-0A6D6C6E1E64}.Release|x86.ActiveCfg = Release|Any CPU
		{81F78D00-1ADA-45C9-8F70-0A6D6C6E1E64}.Release|x86.Build.0 = Release|Any CPU
		{81F78D00-1ADA-45C9-8F70-0A6D6C6E1E64}.Release|x86.Deploy.0 = Release|Any CPU
		{E9B3A87F-0969-476C-A6A1-7D26D45BFC39}.Debug|Any CPU.ActiveCfg = Debug|iPhone
		{E9B3A87F-0969-476C-A6A1-7D26D45BFC39}.Debug|ARM.ActiveCfg = Debug|iPhone
		{E9B3A87F-0969-476C-A6A1-7D26D45BFC39}.Debug|iPhone.ActiveCfg = Debug|iPhone
		{E9B3A87F-0969-476C-A6A1-7D26D45BFC39}.Debug|iPhone.Build.0 = Debug|iPhone
		{E9B3A87F-0969-476C-A6A1-7D26D45BFC39}.Debug|iPhoneSimulator.ActiveCfg = Debug|iPhoneSimulator
		{E9B3A87F-0969-476C-A6A1-7D26D45BFC39}.Debug|iPhoneSimulator.Build.0 = Debug|iPhoneSimulator
		{E9B3A87F-0969-476C-A6A1-7D26D45BFC39}.Debug|x64.ActiveCfg = Debug|iPhone
		{E9B3A87F-0969-476C-A6A1-7D26D45BFC39}.Debug|x86.ActiveCfg = Debug|iPhone
		{E9B3A87F-0969-476C-A6A1-7D26D45BFC39}.Release|Any CPU.ActiveCfg = Release|iPhone
		{E9B3A87F-0969-476C-A6A1-7D26D45BFC39}.Release|ARM.ActiveCfg = Release|iPhone
		{E9B3A87F-0969-476C-A6A1-7D26D45BFC39}.Release|iPhone.ActiveCfg = Release|iPhone
		{E9B3A87F-0969-476C-A6A1-7D26D45BFC39}.Release|iPhone.Build.0 = Release|iPhone
		{E9B3A87F-0969-476C-A6A1-7D26D45BFC39}.Release|iPhoneSimulator.ActiveCfg = Release|iPhoneSimulator
		{E9B3A87F-0969-476C-A6A1-7D26D45BFC39}.Release|iPhoneSimulator.Build.0 = Release|iPhoneSimulator
		{E9B3A87F-0969-476C-A6A1-7D26D45BFC39}.Release|x64.ActiveCfg = Release|iPhone
		{E9B3A87F-0969-476C-A6A1-7D26D45BFC39}.Release|x86.ActiveCfg = Release|iPhone
		{2FCB02A1-6DAA-4CF9-BCA2-A75817FAC1FC}.Debug|Any CPU.ActiveCfg = Debug|Any CPU
		{2FCB02A1-6DAA-4CF9-BCA2-A75817FAC1FC}.Debug|Any CPU.Build.0 = Debug|Any CPU
		{2FCB02A1-6DAA-4CF9-BCA2-A75817FAC1FC}.Debug|ARM.ActiveCfg = Debug|Any CPU
		{2FCB02A1-6DAA-4CF9-BCA2-A75817FAC1FC}.Debug|ARM.Build.0 = Debug|Any CPU
		{2FCB02A1-6DAA-4CF9-BCA2-A75817FAC1FC}.Debug|iPhone.ActiveCfg = Debug|Any CPU
		{2FCB02A1-6DAA-4CF9-BCA2-A75817FAC1FC}.Debug|iPhone.Build.0 = Debug|Any CPU
		{2FCB02A1-6DAA-4CF9-BCA2-A75817FAC1FC}.Debug|iPhoneSimulator.ActiveCfg = Debug|Any CPU
		{2FCB02A1-6DAA-4CF9-BCA2-A75817FAC1FC}.Debug|iPhoneSimulator.Build.0 = Debug|Any CPU
		{2FCB02A1-6DAA-4CF9-BCA2-A75817FAC1FC}.Debug|x64.ActiveCfg = Debug|Any CPU
		{2FCB02A1-6DAA-4CF9-BCA2-A75817FAC1FC}.Debug|x64.Build.0 = Debug|Any CPU
		{2FCB02A1-6DAA-4CF9-BCA2-A75817FAC1FC}.Debug|x86.ActiveCfg = Debug|Any CPU
		{2FCB02A1-6DAA-4CF9-BCA2-A75817FAC1FC}.Debug|x86.Build.0 = Debug|Any CPU
		{2FCB02A1-6DAA-4CF9-BCA2-A75817FAC1FC}.Release|Any CPU.ActiveCfg = Release|Any CPU
		{2FCB02A1-6DAA-4CF9-BCA2-A75817FAC1FC}.Release|Any CPU.Build.0 = Release|Any CPU
		{2FCB02A1-6DAA-4CF9-BCA2-A75817FAC1FC}.Release|ARM.ActiveCfg = Release|Any CPU
		{2FCB02A1-6DAA-4CF9-BCA2-A75817FAC1FC}.Release|ARM.Build.0 = Release|Any CPU
		{2FCB02A1-6DAA-4CF9-BCA2-A75817FAC1FC}.Release|iPhone.ActiveCfg = Release|Any CPU
		{2FCB02A1-6DAA-4CF9-BCA2-A75817FAC1FC}.Release|iPhone.Build.0 = Release|Any CPU
		{2FCB02A1-6DAA-4CF9-BCA2-A75817FAC1FC}.Release|iPhoneSimulator.ActiveCfg = Release|Any CPU
		{2FCB02A1-6DAA-4CF9-BCA2-A75817FAC1FC}.Release|iPhoneSimulator.Build.0 = Release|Any CPU
		{2FCB02A1-6DAA-4CF9-BCA2-A75817FAC1FC}.Release|x64.ActiveCfg = Release|Any CPU
		{2FCB02A1-6DAA-4CF9-BCA2-A75817FAC1FC}.Release|x64.Build.0 = Release|Any CPU
		{2FCB02A1-6DAA-4CF9-BCA2-A75817FAC1FC}.Release|x86.ActiveCfg = Release|Any CPU
		{2FCB02A1-6DAA-4CF9-BCA2-A75817FAC1FC}.Release|x86.Build.0 = Release|Any CPU
	EndGlobalSection
	GlobalSection(SolutionProperties) = preSolution
		HideSolutionNode = FALSE
	EndGlobalSection
	GlobalSection(ExtensibilityGlobals) = postSolution
		SolutionGuid = {5C66352A-7836-4CD8-B36A-7FA2F5F17B90}
	EndGlobalSection
EndGlobal
